
Microsoft Visual Studio Solution File, Format Version 11.00
# Visual Studio 2010
Project("{2150E333-8FDC-42A3-9474-1A3956D46DE8}") = "DataAccess", "DataAccess", "{E59BF7F4-8275-4197-8DA2-F180026FFE89}"
EndProject
Project("{2150E333-8FDC-42A3-9474-1A3956D46DE8}") = "ComplexDataType", "ComplexDataType", "{9327F25C-7BB7-4D73-8CF8-B42C0E159880}"
EndProject
Project("{2150E333-8FDC-42A3-9474-1A3956D46DE8}") = "UserInterface", "UserInterface", "{51C286A9-D877-46A9-BC89-D9DCFCBF8EEC}"
EndProject
Project("{2150E333-8FDC-42A3-9474-1A3956D46DE8}") = "BusinessLogic", "BusinessLogic", "{6475C37E-5AF2-46B0-8890-F7FC09081B76}"
EndProject
Project("{2150E333-8FDC-42A3-9474-1A3956D46DE8}") = "Convertor", "Convertor", "{AD485E41-B78A-495C-8897-0EF63CD10EF0}"
EndProject
Project("{2150E333-8FDC-42A3-9474-1A3956D46DE8}") = "Device", "Device", "{A6455B53-0DB8-4DBC-8F7C-318848B404D1}"
EndProject
Project("{FAE04EC0-301F-11D3-BF4B-00C04F79EFBC}") = "UserInterfaceLayer", "CLINIC\UserInterfaceLayer.csproj", "{C1E96E2A-B399-485D-A8C4-D102CF42162A}"
EndProject
Project("{FAE04EC0-301F-11D3-BF4B-00C04F79EFBC}") = "DataAccessLayer", "DataAccessLibrary\DataAccessLayer.csproj", "{55758E78-CCBF-49CF-B93C-8F725C8A9C73}"
EndProject
Project("{FAE04EC0-301F-11D3-BF4B-00C04F79EFBC}") = "ComplexDataType", "ComplexDataType\ComplexDataType.csproj", "{8248F680-4E16-4296-9CE6-04BFCEB925AF}"
EndProject
Project("{FAE04EC0-301F-11D3-BF4B-00C04F79EFBC}") = "BusinessLogicLayer", "BusinessLogicLibrary\BusinessLogicLayer.csproj", "{0B49A33F-46CE-46CA-A354-C0C12DF59F99}"
EndProject
Project("{FAE04EC0-301F-11D3-BF4B-00C04F79EFBC}") = "BusinessObjectLayer", "BusinessObjectLayer\BusinessObjectLayer.csproj", "{093AB4DF-87B0-4498-B048-7E21E35881A1}"
EndProject
Project("{FAE04EC0-301F-11D3-BF4B-00C04F79EFBC}") = "DataObjectLayer", "DataAccessObjectLayer\DataObjectLayer.csproj", "{3155953B-0C2A-4B6E-8346-827C2EC0FAFD}"
EndProject
Project("{FAE04EC0-301F-11D3-BF4B-00C04F79EFBC}") = "DataConvertor", "DataConvertor\DataConvertor.csproj", "{449678DD-AD6E-421A-8ED8-9A1D6E2650B8}"
EndProject
Project("{54435603-DBB4-11D2-8724-00A0C9A8B90C}") = "Setup", "Setup\Setup.vdproj", "{0B20369C-F70D-4018-9D2C-5F15446A8FDC}"
EndProject
Project("{FAE04EC0-301F-11D3-BF4B-00C04F79EFBC}") = "Scanner", "Scanner\Scanner.csproj", "{8810B65C-DFE9-4FC7-8D6C-FBC052FC62EE}"
EndProject
Global
	GlobalSection(SolutionConfigurationPlatforms) = preSolution
		Debug|Any CPU = Debug|Any CPU
		Release|Any CPU = Release|Any CPU
	EndGlobalSection
	GlobalSection(ProjectConfigurationPlatforms) = postSolution
		{C1E96E2A-B399-485D-A8C4-D102CF42162A}.Debug|Any CPU.ActiveCfg = Debug|Any CPU
		{C1E96E2A-B399-485D-A8C4-D102CF42162A}.Debug|Any CPU.Build.0 = Debug|Any CPU
		{C1E96E2A-B399-485D-A8C4-D102CF42162A}.Release|Any CPU.ActiveCfg = Release|Any CPU
		{C1E96E2A-B399-485D-A8C4-D102CF42162A}.Release|Any CPU.Build.0 = Release|Any CPU
		{55758E78-CCBF-49CF-B93C-8F725C8A9C73}.Debug|Any CPU.ActiveCfg = Debug|Any CPU
		{55758E78-CCBF-49CF-B93C-8F725C8A9C73}.Debug|Any CPU.Build.0 = Debug|Any CPU
		{55758E78-CCBF-49CF-B93C-8F725C8A9C73}.Release|Any CPU.ActiveCfg = Release|Any CPU
		{55758E78-CCBF-49CF-B93C-8F725C8A9C73}.Release|Any CPU.Build.0 = Release|Any CPU
		{8248F680-4E16-4296-9CE6-04BFCEB925AF}.Debug|Any CPU.ActiveCfg = Debug|Any CPU
		{8248F680-4E16-4296-9CE6-04BFCEB925AF}.Debug|Any CPU.Build.0 = Debug|Any CPU
		{8248F680-4E16-4296-9CE6-04BFCEB925AF}.Release|Any CPU.ActiveCfg = Release|Any CPU
		{8248F680-4E16-4296-9CE6-04BFCEB925AF}.Release|Any CPU.Build.0 = Release|Any CPU
		{0B49A33F-46CE-46CA-A354-C0C12DF59F99}.Debug|Any CPU.ActiveCfg = Debug|Any CPU
		{0B49A33F-46CE-46CA-A354-C0C12DF59F99}.Debug|Any CPU.Build.0 = Debug|Any CPU
		{0B49A33F-46CE-46CA-A354-C0C12DF59F99}.Release|Any CPU.ActiveCfg = Release|Any CPU
		{0B49A33F-46CE-46CA-A354-C0C12DF59F99}.Release|Any CPU.Build.0 = Release|Any CPU
		{093AB4DF-87B0-4498-B048-7E21E35881A1}.Debug|Any CPU.ActiveCfg = Debug|Any CPU
		{093AB4DF-87B0-4498-B048-7E21E35881A1}.Debug|Any CPU.Build.0 = Debug|Any CPU
		{093AB4DF-87B0-4498-B048-7E21E35881A1}.Release|Any CPU.ActiveCfg = Release|Any CPU
		{093AB4DF-87B0-4498-B048-7E21E35881A1}.Release|Any CPU.Build.0 = Release|Any CPU
		{3155953B-0C2A-4B6E-8346-827C2EC0FAFD}.Debug|Any CPU.ActiveCfg = Debug|Any CPU
		{3155953B-0C2A-4B6E-8346-827C2EC0FAFD}.Debug|Any CPU.Build.0 = Debug|Any CPU
		{3155953B-0C2A-4B6E-8346-827C2EC0FAFD}.Release|Any CPU.ActiveCfg = Release|Any CPU
		{3155953B-0C2A-4B6E-8346-827C2EC0FAFD}.Release|Any CPU.Build.0 = Release|Any CPU
		{449678DD-AD6E-421A-8ED8-9A1D6E2650B8}.Debug|Any CPU.ActiveCfg = Debug|Any CPU
		{449678DD-AD6E-421A-8ED8-9A1D6E2650B8}.Debug|Any CPU.Build.0 = Debug|Any CPU
		{449678DD-AD6E-421A-8ED8-9A1D6E2650B8}.Release|Any CPU.ActiveCfg = Release|Any CPU
		{449678DD-AD6E-421A-8ED8-9A1D6E2650B8}.Release|Any CPU.Build.0 = Release|Any CPU
		{0B20369C-F70D-4018-9D2C-5F15446A8FDC}.Debug|Any CPU.ActiveCfg = Debug
		{0B20369C-F70D-4018-9D2C-5F15446A8FDC}.Debug|Any CPU.Build.0 = Debug
		{0B20369C-F70D-4018-9D2C-5F15446A8FDC}.Release|Any CPU.ActiveCfg = Release
		{8810B65C-DFE9-4FC7-8D6C-FBC052FC62EE}.Debug|Any CPU.ActiveCfg = Debug|Any CPU
		{8810B65C-DFE9-4FC7-8D6C-FBC052FC62EE}.Debug|Any CPU.Build.0 = Debug|Any CPU
		{8810B65C-DFE9-4FC7-8D6C-FBC052FC62EE}.Release|Any CPU.ActiveCfg = Release|Any CPU
		{8810B65C-DFE9-4FC7-8D6C-FBC052FC62EE}.Release|Any CPU.Build.0 = Release|Any CPU
	EndGlobalSection
	GlobalSection(SolutionProperties) = preSolution
		HideSolutionNode = FALSE
	EndGlobalSection
	GlobalSection(NestedProjects) = preSolution
		{55758E78-CCBF-49CF-B93C-8F725C8A9C73} = {E59BF7F4-8275-4197-8DA2-F180026FFE89}
		{3155953B-0C2A-4B6E-8346-827C2EC0FAFD} = {E59BF7F4-8275-4197-8DA2-F180026FFE89}
		{8248F680-4E16-4296-9CE6-04BFCEB925AF} = {9327F25C-7BB7-4D73-8CF8-B42C0E159880}
		{C1E96E2A-B399-485D-A8C4-D102CF42162A} = {51C286A9-D877-46A9-BC89-D9DCFCBF8EEC}
		{0B49A33F-46CE-46CA-A354-C0C12DF59F99} = {6475C37E-5AF2-46B0-8890-F7FC09081B76}
		{093AB4DF-87B0-4498-B048-7E21E35881A1} = {6475C37E-5AF2-46B0-8890-F7FC09081B76}
		{449678DD-AD6E-421A-8ED8-9A1D6E2650B8} = {AD485E41-B78A-495C-8897-0EF63CD10EF0}
		{8810B65C-DFE9-4FC7-8D6C-FBC052FC62EE} = {A6455B53-0DB8-4DBC-8F7C-318848B404D1}
	EndGlobalSection
EndGlobal
